Microsoft Visual Studio Solution File, Format Version 12.00
# Visual Studio Version 17
VisualStudioVersion = 17.5.2.0
MinimumVisualStudioVersion = 10.0.40219.1
Project("{FAE04EC0-301F-11D3-BF4B-00C04F79EFBC}") = "clase23abril", "clase23abril.csproj", "{96F7EC55-8F23-0F09-44A5-BF466E6EBB23}"
EndProject
Global
	GlobalSection(SolutionConfigurationPlatforms) = preSolution
		Debug|Any CPU = Debug|Any CPU
		Release|Any CPU = Release|Any CPU
	EndGlobalSection
	GlobalSection(ProjectConfigurationPlatforms) = postSolution
		{96F7EC55-8F23-0F09-44A5-BF466E6EBB23}.Debug|Any CPU.ActiveCfg = Debug|Any CPU
		{96F7EC55-8F23-0F09-44A5-BF466E6EBB23}.Debug|Any CPU.Build.0 = Debug|Any CPU
		{96F7EC55-8F23-0F09-44A5-BF466E6EBB23}.Release|Any CPU.ActiveCfg = Release|Any CPU
		{96F7EC55-8F23-0F09-44A5-BF466E6EBB23}.Release|Any CPU.Build.0 = Release|Any CPU
	EndGlobalSection
	GlobalSection(SolutionProperties) = preSolution
		HideSolutionNode = FALSE
	EndGlobalSection
	GlobalSection(ExtensibilityGlobals) = postSolution
		SolutionGuid = {A556CCE4-9479-44ED-9505-2B21A44276C6}
	EndGlobalSection
EndGlobal
